{
  "name": "odiff-bin-try",
  "version": "1.0.0",
  "lockfileVersion": 3,
  "requires": true,
  "packages": {
    "": {
      "name": "odiff-bin-try",
      "version": "1.0.0",
      "license": "ISC",
      "dependencies": {
        "odiff-bin": "^3.0.1"
      }
    },
    "node_modules/odiff-bin": {
      "version": "3.0.1",
      "resolved": "https://registry.npmjs.org/odiff-bin/-/odiff-bin-3.0.1.tgz",
      "integrity": "sha512-4PT3SxsIyRxhLiklUTEDzd5+XYJY7hSCQdfeXU7jje27BJDriXey4R3fRY2uU/CYAOMCmzhXE+J2wu9SKdnwLw==",
      "hasInstallScript": true,
      "license": "MIT",
      "bin": {
        "odiff": "bin/odiff"
      }
    }
  }
}
